// !$*UTF8*$!
{
	archiveVersion = 1;
	classes = {
	};
	objectVersion = 50;
	objects = {

/* Begin PBXBuildFile section */
		D8529B5825F231910084580E /* DetailViewController.swift in Sources */ = {isa = PBXBuildFile; fileRef = D8529B5725F231910084580E /* DetailViewController.swift */; };
		D8582F55264FE9F900E21A60 /* MainModuleTests.swift in Sources */ = {isa = PBXBuildFile; fileRef = D8582F54264FE9F900E21A60 /* MainModuleTests.swift */; };
		D8582F69264FEB9C00E21A60 /* MockNetworkService.swift in Sources */ = {isa = PBXBuildFile; fileRef = D8582F68264FEB9C00E21A60 /* MockNetworkService.swift */; };
		D8596A9C264EF57300575F63 /* FilmResultDB+CoreDataClass.swift in Sources */ = {isa = PBXBuildFile; fileRef = D8596A9A264EF57300575F63 /* FilmResultDB+CoreDataClass.swift */; };
		D8596A9D264EF57300575F63 /* FilmResultDB+CoreDataProperties.swift in Sources */ = {isa = PBXBuildFile; fileRef = D8596A9B264EF57300575F63 /* FilmResultDB+CoreDataProperties.swift */; };
		D85A2B08264A6D810086A530 /* Coordinator.swift in Sources */ = {isa = PBXBuildFile; fileRef = D85A2B07264A6D810086A530 /* Coordinator.swift */; };
		D85A2B0B264A6EC80086A530 /* MainCoordinator.swift in Sources */ = {isa = PBXBuildFile; fileRef = D85A2B0A264A6EC80086A530 /* MainCoordinator.swift */; };
		D85A2B0F264AA1270086A530 /* MovieCategory.swift in Sources */ = {isa = PBXBuildFile; fileRef = D85A2B0E264AA1270086A530 /* MovieCategory.swift */; };
		D85A2B12264AA2330086A530 /* Poster.swift in Sources */ = {isa = PBXBuildFile; fileRef = D85A2B11264AA2330086A530 /* Poster.swift */; };
		D85A2B16264AC8420086A530 /* MainViewModel.swift in Sources */ = {isa = PBXBuildFile; fileRef = D85A2B15264AC8420086A530 /* MainViewModel.swift */; };
		D85AA1D32649CFCA00BB1666 /* NetworkService.swift in Sources */ = {isa = PBXBuildFile; fileRef = D85AA1D22649CFCA00BB1666 /* NetworkService.swift */; };
		D85BDD4625F0E1F1000047AF /* FilmTableViewCell.swift in Sources */ = {isa = PBXBuildFile; fileRef = D85BDD4525F0E1F1000047AF /* FilmTableViewCell.swift */; };
		D866007B25F0157B00F47658 /* AppDelegate.swift in Sources */ = {isa = PBXBuildFile; fileRef = D866007A25F0157B00F47658 /* AppDelegate.swift */; };
		D866007D25F0157B00F47658 /* SceneDelegate.swift in Sources */ = {isa = PBXBuildFile; fileRef = D866007C25F0157B00F47658 /* SceneDelegate.swift */; };
		D866007F25F0157B00F47658 /* MainViewController.swift in Sources */ = {isa = PBXBuildFile; fileRef = D866007E25F0157B00F47658 /* MainViewController.swift */; };
		D866008425F0158000F47658 /* Assets.xcassets in Resources */ = {isa = PBXBuildFile; fileRef = D866008325F0158000F47658 /* Assets.xcassets */; };
		D866008725F0158000F47658 /* LaunchScreen.storyboard in Resources */ = {isa = PBXBuildFile; fileRef = D866008525F0158000F47658 /* LaunchScreen.storyboard */; };
		D866B73C264D8069006F824B /* Film.xcdatamodeld in Sources */ = {isa = PBXBuildFile; fileRef = D866B73A264D8069006F824B /* Film.xcdatamodeld */; };
		D8BDBCB525F117380016626A /* Film.swift in Sources */ = {isa = PBXBuildFile; fileRef = D8BDBCB425F117380016626A /* Film.swift */; };
		D8D47DA426513CDE006F4008 /* Movie_AppUITests.swift in Sources */ = {isa = PBXBuildFile; fileRef = D8D47DA326513CDE006F4008 /* Movie_AppUITests.swift */; };
		D8DB503A264BACC200D2B480 /* AssemblyBuilder.swift in Sources */ = {isa = PBXBuildFile; fileRef = D8DB5039264BACC200D2B480 /* AssemblyBuilder.swift */; };
		D8DB503F264BC55100D2B480 /* MainViewModelType.swift in Sources */ = {isa = PBXBuildFile; fileRef = D8DB503E264BC55100D2B480 /* MainViewModelType.swift */; };
		D8DB5042264BC5D600D2B480 /* TableViewCellViewModelType.swift in Sources */ = {isa = PBXBuildFile; fileRef = D8DB5041264BC5D600D2B480 /* TableViewCellViewModelType.swift */; };
		D8DB5046264BC97A00D2B480 /* TableViewCellViewModel.swift in Sources */ = {isa = PBXBuildFile; fileRef = D8DB5045264BC97A00D2B480 /* TableViewCellViewModel.swift */; };
		D8DB5049264BCA3B00D2B480 /* PhotoService.swift in Sources */ = {isa = PBXBuildFile; fileRef = D8DB5048264BCA3B00D2B480 /* PhotoService.swift */; };
		D8DB5055264C07CA00D2B480 /* CoreDataService.swift in Sources */ = {isa = PBXBuildFile; fileRef = D8DB5054264C07CA00D2B480 /* CoreDataService.swift */; };
		D8DB505B264C10CF00D2B480 /* AnchorExtension.swift in Sources */ = {isa = PBXBuildFile; fileRef = D8DB505A264C10CF00D2B480 /* AnchorExtension.swift */; };
		D8DB506A264C3F3C00D2B480 /* CategoryCollevtionViewCell.swift in Sources */ = {isa = PBXBuildFile; fileRef = D8DB5069264C3F3C00D2B480 /* CategoryCollevtionViewCell.swift */; };
		D8DB506D264C3F5700D2B480 /* CategoryView.swift in Sources */ = {isa = PBXBuildFile; fileRef = D8DB506C264C3F5700D2B480 /* CategoryView.swift */; };
		D8DB5073264C5CAE00D2B480 /* DetailTitleTableViewCell.swift in Sources */ = {isa = PBXBuildFile; fileRef = D8DB5072264C5CAE00D2B480 /* DetailTitleTableViewCell.swift */; };
		D8DB5076264C5E0800D2B480 /* DetailPhotosScrollViewTableViewCell.swift in Sources */ = {isa = PBXBuildFile; fileRef = D8DB5075264C5E0800D2B480 /* DetailPhotosScrollViewTableViewCell.swift */; };
		D8DB5079264C619F00D2B480 /* DetailInfoTableViewCell.swift in Sources */ = {isa = PBXBuildFile; fileRef = D8DB5078264C619F00D2B480 /* DetailInfoTableViewCell.swift */; };
		D8DB507C264C62AA00D2B480 /* DetailView.swift in Sources */ = {isa = PBXBuildFile; fileRef = D8DB507B264C62AA00D2B480 /* DetailView.swift */; };
		D8DB507F264C6F0300D2B480 /* DetailPhotoViewModel.swift in Sources */ = {isa = PBXBuildFile; fileRef = D8DB507E264C6F0300D2B480 /* DetailPhotoViewModel.swift */; };
		D8DB5082264C6F4300D2B480 /* DetailPhotoViewModelType.swift in Sources */ = {isa = PBXBuildFile; fileRef = D8DB5081264C6F4300D2B480 /* DetailPhotoViewModelType.swift */; };
/* End PBXBuildFile section */

/* Begin PBXContainerItemProxy section */
		D8582F57264FE9F900E21A60 /* PBXContainerItemProxy */ = {
			isa = PBXContainerItemProxy;
			containerPortal = D866006F25F0157B00F47658 /* Project object */;
			proxyType = 1;
			remoteGlobalIDString = D866007625F0157B00F47658;
			remoteInfo = "Movie App";
		};
		D8D47DA626513CDE006F4008 /* PBXContainerItemProxy */ = {
			isa = PBXContainerItemProxy;
			containerPortal = D866006F25F0157B00F47658 /* Project object */;
			proxyType = 1;
			remoteGlobalIDString = D866007625F0157B00F47658;
			remoteInfo = "Movie App";
		};
/* End PBXContainerItemProxy section */

/* Begin PBXFileReference section */
		D8529B5725F231910084580E /* DetailViewController.swift */ = {isa = PBXFileReference; lastKnownFileType = sourcecode.swift; path = DetailViewController.swift; sourceTree = "<group>"; };
		D8582F52264FE9F900E21A60 /* Movie AppUnitTests.xctest */ = {isa = PBXFileReference; explicitFileType = wrapper.cfbundle; includeInIndex = 0; path = "Movie AppUnitTests.xctest"; sourceTree = BUILT_PRODUCTS_DIR; };
		D8582F54264FE9F900E21A60 /* MainModuleTests.swift */ = {isa = PBXFileReference; lastKnownFileType = sourcecode.swift; path = MainModuleTests.swift; sourceTree = "<group>"; };
		D8582F56264FE9F900E21A60 /* Info.plist */ = {isa = PBXFileReference; lastKnownFileType = text.plist.xml; path = Info.plist; sourceTree = "<group>"; };
		D8582F68264FEB9C00E21A60 /* MockNetworkService.swift */ = {isa = PBXFileReference; lastKnownFileType = sourcecode.swift; path = MockNetworkService.swift; sourceTree = "<group>"; };
		D8596A9A264EF57300575F63 /* FilmResultDB+CoreDataClass.swift */ = {isa = PBXFileReference; lastKnownFileType = sourcecode.swift; path = "FilmResultDB+CoreDataClass.swift"; sourceTree = "<group>"; };
		D8596A9B264EF57300575F63 /* FilmResultDB+CoreDataProperties.swift */ = {isa = PBXFileReference; lastKnownFileType = sourcecode.swift; path = "FilmResultDB+CoreDataProperties.swift"; sourceTree = "<group>"; };
		D85A2B07264A6D810086A530 /* Coordinator.swift */ = {isa = PBXFileReference; lastKnownFileType = sourcecode.swift; path = Coordinator.swift; sourceTree = "<group>"; };
		D85A2B0A264A6EC80086A530 /* MainCoordinator.swift */ = {isa = PBXFileReference; lastKnownFileType = sourcecode.swift; path = MainCoordinator.swift; sourceTree = "<group>"; };
		D85A2B0E264AA1270086A530 /* MovieCategory.swift */ = {isa = PBXFileReference; lastKnownFileType = sourcecode.swift; path = MovieCategory.swift; sourceTree = "<group>"; };
		D85A2B11264AA2330086A530 /* Poster.swift */ = {isa = PBXFileReference; lastKnownFileType = sourcecode.swift; path = Poster.swift; sourceTree = "<group>"; };
		D85A2B15264AC8420086A530 /* MainViewModel.swift */ = {isa = PBXFileReference; lastKnownFileType = sourcecode.swift; path = MainViewModel.swift; sourceTree = "<group>"; };
		D85AA1D22649CFCA00BB1666 /* NetworkService.swift */ = {isa = PBXFileReference; lastKnownFileType = sourcecode.swift; path = NetworkService.swift; sourceTree = "<group>"; };
		D85BDD4525F0E1F1000047AF /* FilmTableViewCell.swift */ = {isa = PBXFileReference; lastKnownFileType = sourcecode.swift; path = FilmTableViewCell.swift; sourceTree = "<group>"; };
		D866007725F0157B00F47658 /* Movie App.app */ = {isa = PBXFileReference; explicitFileType = wrapper.application; includeInIndex = 0; path = "Movie App.app"; sourceTree = BUILT_PRODUCTS_DIR; };
		D866007A25F0157B00F47658 /* AppDelegate.swift */ = {isa = PBXFileReference; lastKnownFileType = sourcecode.swift; path = AppDelegate.swift; sourceTree = "<group>"; };
		D866007C25F0157B00F47658 /* SceneDelegate.swift */ = {isa = PBXFileReference; lastKnownFileType = sourcecode.swift; path = SceneDelegate.swift; sourceTree = "<group>"; };
		D866007E25F0157B00F47658 /* MainViewController.swift */ = {isa = PBXFileReference; lastKnownFileType = sourcecode.swift; path = MainViewController.swift; sourceTree = "<group>"; };
		D866008325F0158000F47658 /* Assets.xcassets */ = {isa = PBXFileReference; lastKnownFileType = folder.assetcatalog; path = Assets.xcassets; sourceTree = "<group>"; };
		D866008625F0158000F47658 /* Base */ = {isa = PBXFileReference; lastKnownFileType = file.storyboard; name = Base; path = Base.lproj/LaunchScreen.storyboard; sourceTree = "<group>"; };
		D866008825F0158000F47658 /* Info.plist */ = {isa = PBXFileReference; lastKnownFileType = text.plist.xml; path = Info.plist; sourceTree = "<group>"; };
		D866B73B264D8069006F824B /* Film.xcdatamodel */ = {isa = PBXFileReference; lastKnownFileType = wrapper.xcdatamodel; path = Film.xcdatamodel; sourceTree = "<group>"; };
		D8BDBCB425F117380016626A /* Film.swift */ = {isa = PBXFileReference; lastKnownFileType = sourcecode.swift; path = Film.swift; sourceTree = "<group>"; };
		D8D47DA126513CDE006F4008 /* Movie AppUITests.xctest */ = {isa = PBXFileReference; explicitFileType = wrapper.cfbundle; includeInIndex = 0; path = "Movie AppUITests.xctest"; sourceTree = BUILT_PRODUCTS_DIR; };
		D8D47DA326513CDE006F4008 /* Movie_AppUITests.swift */ = {isa = PBXFileReference; lastKnownFileType = sourcecode.swift; path = Movie_AppUITests.swift; sourceTree = "<group>"; };
		D8D47DA526513CDE006F4008 /* Info.plist */ = {isa = PBXFileReference; lastKnownFileType = text.plist.xml; path = Info.plist; sourceTree = "<group>"; };
		D8DB5039264BACC200D2B480 /* AssemblyBuilder.swift */ = {isa = PBXFileReference; lastKnownFileType = sourcecode.swift; path = AssemblyBuilder.swift; sourceTree = "<group>"; };
		D8DB503E264BC55100D2B480 /* MainViewModelType.swift */ = {isa = PBXFileReference; lastKnownFileType = sourcecode.swift; path = MainViewModelType.swift; sourceTree = "<group>"; };
		D8DB5041264BC5D600D2B480 /* TableViewCellViewModelType.swift */ = {isa = PBXFileReference; lastKnownFileType = sourcecode.swift; path = TableViewCellViewModelType.swift; sourceTree = "<group>"; };
		D8DB5045264BC97A00D2B480 /* TableViewCellViewModel.swift */ = {isa = PBXFileReference; lastKnownFileType = sourcecode.swift; path = TableViewCellViewModel.swift; sourceTree = "<group>"; };
		D8DB5048264BCA3B00D2B480 /* PhotoService.swift */ = {isa = PBXFileReference; lastKnownFileType = sourcecode.swift; path = PhotoService.swift; sourceTree = "<group>"; };
		D8DB5054264C07CA00D2B480 /* CoreDataService.swift */ = {isa = PBXFileReference; lastKnownFileType = sourcecode.swift; path = CoreDataService.swift; sourceTree = "<group>"; };
		D8DB505A264C10CF00D2B480 /* AnchorExtension.swift */ = {isa = PBXFileReference; lastKnownFileType = sourcecode.swift; path = AnchorExtension.swift; sourceTree = "<group>"; };
		D8DB5069264C3F3C00D2B480 /* CategoryCollevtionViewCell.swift */ = {isa = PBXFileReference; lastKnownFileType = sourcecode.swift; path = CategoryCollevtionViewCell.swift; sourceTree = "<group>"; };
		D8DB506C264C3F5700D2B480 /* CategoryView.swift */ = {isa = PBXFileReference; lastKnownFileType = sourcecode.swift; path = CategoryView.swift; sourceTree = "<group>"; };
		D8DB5072264C5CAE00D2B480 /* DetailTitleTableViewCell.swift */ = {isa = PBXFileReference; lastKnownFileType = sourcecode.swift; path = DetailTitleTableViewCell.swift; sourceTree = "<group>"; };
		D8DB5075264C5E0800D2B480 /* DetailPhotosScrollViewTableViewCell.swift */ = {isa = PBXFileReference; lastKnownFileType = sourcecode.swift; path = DetailPhotosScrollViewTableViewCell.swift; sourceTree = "<group>"; };
		D8DB5078264C619F00D2B480 /* DetailInfoTableViewCell.swift */ = {isa = PBXFileReference; lastKnownFileType = sourcecode.swift; path = DetailInfoTableViewCell.swift; sourceTree = "<group>"; };
		D8DB507B264C62AA00D2B480 /* DetailView.swift */ = {isa = PBXFileReference; lastKnownFileType = sourcecode.swift; path = DetailView.swift; sourceTree = "<group>"; };
		D8DB507E264C6F0300D2B480 /* DetailPhotoViewModel.swift */ = {isa = PBXFileReference; lastKnownFileType = sourcecode.swift; path = DetailPhotoViewModel.swift; sourceTree = "<group>"; };
		D8DB5081264C6F4300D2B480 /* DetailPhotoViewModelType.swift */ = {isa = PBXFileReference; lastKnownFileType = sourcecode.swift; path = DetailPhotoViewModelType.swift; sourceTree = "<group>"; };
/* End PBXFileReference section */

/* Begin PBXFrameworksBuildPhase section */
		D8582F4F264FE9F900E21A60 /* Frameworks */ = {
			isa = PBXFrameworksBuildPhase;
			buildActionMask = 2147483647;
			files = (
			);
			runOnlyForDeploymentPostprocessing = 0;
		};
		D866007425F0157B00F47658 /* Frameworks */ = {
			isa = PBXFrameworksBuildPhase;
			buildActionMask = 2147483647;
			files = (
			);
			runOnlyForDeploymentPostprocessing = 0;
		};
		D8D47D9E26513CDE006F4008 /* Frameworks */ = {
			isa = PBXFrameworksBuildPhase;
			buildActionMask = 2147483647;
			files = (
			);
			runOnlyForDeploymentPostprocessing = 0;
		};
/* End PBXFrameworksBuildPhase section */

/* Begin PBXGroup section */
		D8582F53264FE9F900E21A60 /* Movie AppUnitTests */ = {
			isa = PBXGroup;
			children = (
				D8582F5E264FEA2400E21A60 /* MainModule */,
				D8582F56264FE9F900E21A60 /* Info.plist */,
			);
			path = "Movie AppUnitTests";
			sourceTree = "<group>";
		};
		D8582F5E264FEA2400E21A60 /* MainModule */ = {
			isa = PBXGroup;
			children = (
				D8582F54264FE9F900E21A60 /* MainModuleTests.swift */,
				D8582F68264FEB9C00E21A60 /* MockNetworkService.swift */,
			);
			path = MainModule;
			sourceTree = "<group>";
		};
		D8596A8B264E6CA500575F63 /* CoreData */ = {
			isa = PBXGroup;
			children = (
				D8596A9A264EF57300575F63 /* FilmResultDB+CoreDataClass.swift */,
				D8596A9B264EF57300575F63 /* FilmResultDB+CoreDataProperties.swift */,
				D8DB5054264C07CA00D2B480 /* CoreDataService.swift */,
				D866B73A264D8069006F824B /* Film.xcdatamodeld */,
			);
			path = CoreData;
			sourceTree = "<group>";
		};
		D85AA1C82649CDBF00BB1666 /* MainModule */ = {
			isa = PBXGroup;
			children = (
				D85AA1CB2649CDD400BB1666 /* ViewModel */,
				D85AA1CA2649CDCE00BB1666 /* View */,
				D85AA1C92649CDC900BB1666 /* Model */,
				D8DB503D264BC51E00D2B480 /* Protocols */,
			);
			path = MainModule;
			sourceTree = "<group>";
		};
		D85AA1C92649CDC900BB1666 /* Model */ = {
			isa = PBXGroup;
			children = (
				D8BDBCB425F117380016626A /* Film.swift */,
				D85A2B0E264AA1270086A530 /* MovieCategory.swift */,
			);
			path = Model;
			sourceTree = "<group>";
		};
		D85AA1CA2649CDCE00BB1666 /* View */ = {
			isa = PBXGroup;
			children = (
				D85BDD4525F0E1F1000047AF /* FilmTableViewCell.swift */,
				D866007E25F0157B00F47658 /* MainViewController.swift */,
				D8DB5069264C3F3C00D2B480 /* CategoryCollevtionViewCell.swift */,
				D8DB506C264C3F5700D2B480 /* CategoryView.swift */,
			);
			path = View;
			sourceTree = "<group>";
		};
		D85AA1CB2649CDD400BB1666 /* ViewModel */ = {
			isa = PBXGroup;
			children = (
				D85A2B15264AC8420086A530 /* MainViewModel.swift */,
				D8DB5045264BC97A00D2B480 /* TableViewCellViewModel.swift */,
			);
			path = ViewModel;
			sourceTree = "<group>";
		};
		D85AA1D12649CFBD00BB1666 /* Services */ = {
			isa = PBXGroup;
			children = (
				D8596A8B264E6CA500575F63 /* CoreData */,
				D85AA1D22649CFCA00BB1666 /* NetworkService.swift */,
				D85A2B07264A6D810086A530 /* Coordinator.swift */,
				D85A2B0A264A6EC80086A530 /* MainCoordinator.swift */,
				D8DB5039264BACC200D2B480 /* AssemblyBuilder.swift */,
				D8DB5048264BCA3B00D2B480 /* PhotoService.swift */,
			);
			path = Services;
			sourceTree = "<group>";
		};
		D85BDD4825F0E1FE000047AF /* View */ = {
			isa = PBXGroup;
			children = (
				D8529B5725F231910084580E /* DetailViewController.swift */,
				D8DB5075264C5E0800D2B480 /* DetailPhotosScrollViewTableViewCell.swift */,
				D8DB5072264C5CAE00D2B480 /* DetailTitleTableViewCell.swift */,
				D8DB5078264C619F00D2B480 /* DetailInfoTableViewCell.swift */,
				D8DB507B264C62AA00D2B480 /* DetailView.swift */,
			);
			path = View;
			sourceTree = "<group>";
		};
		D866006E25F0157B00F47658 = {
			isa = PBXGroup;
			children = (
				D866007925F0157B00F47658 /* Movie App */,
				D8582F53264FE9F900E21A60 /* Movie AppUnitTests */,
				D8D47DA226513CDE006F4008 /* Movie AppUITests */,
				D866007825F0157B00F47658 /* Products */,
			);
			sourceTree = "<group>";
		};
		D866007825F0157B00F47658 /* Products */ = {
			isa = PBXGroup;
			children = (
				D866007725F0157B00F47658 /* Movie App.app */,
				D8582F52264FE9F900E21A60 /* Movie AppUnitTests.xctest */,
				D8D47DA126513CDE006F4008 /* Movie AppUITests.xctest */,
			);
			name = Products;
			sourceTree = "<group>";
		};
		D866007925F0157B00F47658 /* Movie App */ = {
			isa = PBXGroup;
			children = (
				D8DB5059264C10AD00D2B480 /* SupportingFiles */,
				D85AA1D12649CFBD00BB1666 /* Services */,
				D85AA1C82649CDBF00BB1666 /* MainModule */,
				D8DB504B264BD04300D2B480 /* DetailModule */,
			);
			path = "Movie App";
			sourceTree = "<group>";
		};
		D8BDBCB725F117490016626A /* Model */ = {
			isa = PBXGroup;
			children = (
				D85A2B11264AA2330086A530 /* Poster.swift */,
			);
			path = Model;
			sourceTree = "<group>";
		};
		D8D47DA226513CDE006F4008 /* Movie AppUITests */ = {
			isa = PBXGroup;
			children = (
				D8D47DA326513CDE006F4008 /* Movie_AppUITests.swift */,
				D8D47DA526513CDE006F4008 /* Info.plist */,
			);
			path = "Movie AppUITests";
			sourceTree = "<group>";
		};
		D8DB503D264BC51E00D2B480 /* Protocols */ = {
			isa = PBXGroup;
			children = (
				D8DB503E264BC55100D2B480 /* MainViewModelType.swift */,
				D8DB5041264BC5D600D2B480 /* TableViewCellViewModelType.swift */,
			);
			path = Protocols;
			sourceTree = "<group>";
		};
		D8DB504B264BD04300D2B480 /* DetailModule */ = {
			isa = PBXGroup;
			children = (
				D8DB504C264BD06B00D2B480 /* ViewModel */,
				D85BDD4825F0E1FE000047AF /* View */,
				D8BDBCB725F117490016626A /* Model */,
				D8DB504D264BD07F00D2B480 /* Protocols */,
			);
			path = DetailModule;
			sourceTree = "<group>";
		};
		D8DB504C264BD06B00D2B480 /* ViewModel */ = {
			isa = PBXGroup;
			children = (
				D8DB507E264C6F0300D2B480 /* DetailPhotoViewModel.swift */,
			);
			path = ViewModel;
			sourceTree = "<group>";
		};
		D8DB504D264BD07F00D2B480 /* Protocols */ = {
			isa = PBXGroup;
			children = (
				D8DB5081264C6F4300D2B480 /* DetailPhotoViewModelType.swift */,
			);
			path = Protocols;
			sourceTree = "<group>";
		};
		D8DB5059264C10AD00D2B480 /* SupportingFiles */ = {
			isa = PBXGroup;
			children = (
				D866007A25F0157B00F47658 /* AppDelegate.swift */,
				D866007C25F0157B00F47658 /* SceneDelegate.swift */,
				D866008325F0158000F47658 /* Assets.xcassets */,
				D866008525F0158000F47658 /* LaunchScreen.storyboard */,
				D866008825F0158000F47658 /* Info.plist */,
				D8DB505A264C10CF00D2B480 /* AnchorExtension.swift */,
			);
			path = SupportingFiles;
			sourceTree = "<group>";
		};
/* End PBXGroup section */

/* Begin PBXNativeTarget section */
		D8582F51264FE9F900E21A60 /* Movie AppUnitTests */ = {
			isa = PBXNativeTarget;
			buildConfigurationList = D8582F5B264FE9F900E21A60 /* Build configuration list for PBXNativeTarget "Movie AppUnitTests" */;
			buildPhases = (
				D8582F4E264FE9F900E21A60 /* Sources */,
				D8582F4F264FE9F900E21A60 /* Frameworks */,
				D8582F50264FE9F900E21A60 /* Resources */,
			);
			buildRules = (
			);
			dependencies = (
				D8582F58264FE9F900E21A60 /* PBXTargetDependency */,
			);
			name = "Movie AppUnitTests";
			productName = "Movie AppUnitTests";
			productReference = D8582F52264FE9F900E21A60 /* Movie AppUnitTests.xctest */;
			productType = "com.apple.product-type.bundle.unit-test";
		};
		D866007625F0157B00F47658 /* Movie App */ = {
			isa = PBXNativeTarget;
			buildConfigurationList = D866008B25F0158000F47658 /* Build configuration list for PBXNativeTarget "Movie App" */;
			buildPhases = (
				D866007325F0157B00F47658 /* Sources */,
				D866007425F0157B00F47658 /* Frameworks */,
				D866007525F0157B00F47658 /* Resources */,
				D8BDBCCD25F147B60016626A /* SwiftFormat */,
				D8BDBCB925F13CB40016626A /* SwiftLint */,
			);
			buildRules = (
			);
			dependencies = (
			);
			name = "Movie App";
			packageProductDependencies = (
			);
			productName = "Movie App";
			productReference = D866007725F0157B00F47658 /* Movie App.app */;
			productType = "com.apple.product-type.application";
		};
		D8D47DA026513CDE006F4008 /* Movie AppUITests */ = {
			isa = PBXNativeTarget;
			buildConfigurationList = D8D47DAA26513CDE006F4008 /* Build configuration list for PBXNativeTarget "Movie AppUITests" */;
			buildPhases = (
				D8D47D9D26513CDE006F4008 /* Sources */,
				D8D47D9E26513CDE006F4008 /* Frameworks */,
				D8D47D9F26513CDE006F4008 /* Resources */,
			);
			buildRules = (
			);
			dependencies = (
				D8D47DA726513CDE006F4008 /* PBXTargetDependency */,
			);
			name = "Movie AppUITests";
			productName = "Movie AppUITests";
			productReference = D8D47DA126513CDE006F4008 /* Movie AppUITests.xctest */;
			productType = "com.apple.product-type.bundle.ui-testing";
		};
/* End PBXNativeTarget section */

/* Begin PBXProject section */
		D866006F25F0157B00F47658 /* Project object */ = {
			isa = PBXProject;
			attributes = {
				LastSwiftUpdateCheck = 1240;
				LastUpgradeCheck = 1210;
				TargetAttributes = {
					D8582F51264FE9F900E21A60 = {
						CreatedOnToolsVersion = 12.4;
						TestTargetID = D866007625F0157B00F47658;
					};
					D866007625F0157B00F47658 = {
						CreatedOnToolsVersion = 12.1;
					};
					D8D47DA026513CDE006F4008 = {
						CreatedOnToolsVersion = 12.4;
						TestTargetID = D866007625F0157B00F47658;
					};
				};
			};
			buildConfigurationList = D866007225F0157B00F47658 /* Build configuration list for PBXProject "Movie App" */;
			compatibilityVersion = "Xcode 9.3";
			developmentRegion = en;
			hasScannedForEncodings = 0;
			knownRegions = (
				en,
				Base,
			);
			mainGroup = D866006E25F0157B00F47658;
			packageReferences = (
			);
			productRefGroup = D866007825F0157B00F47658 /* Products */;
			projectDirPath = "";
			projectRoot = "";
			targets = (
				D866007625F0157B00F47658 /* Movie App */,
				D8582F51264FE9F900E21A60 /* Movie AppUnitTests */,
				D8D47DA026513CDE006F4008 /* Movie AppUITests */,
			);
		};
/* End PBXProject section */

/* Begin PBXResourcesBuildPhase section */
		D8582F50264FE9F900E21A60 /* Resources */ = {
			isa = PBXResourcesBuildPhase;
			buildActionMask = 2147483647;
			files = (
			);
			runOnlyForDeploymentPostprocessing = 0;
		};
		D866007525F0157B00F47658 /* Resources */ = {
			isa = PBXResourcesBuildPhase;
			buildActionMask = 2147483647;
			files = (
				D866008725F0158000F47658 /* LaunchScreen.storyboard in Resources */,
				D866008425F0158000F47658 /* Assets.xcassets in Resources */,
			);
			runOnlyForDeploymentPostprocessing = 0;
		};
		D8D47D9F26513CDE006F4008 /* Resources */ = {
			isa = PBXResourcesBuildPhase;
			buildActionMask = 2147483647;
			files = (
			);
			runOnlyForDeploymentPostprocessing = 0;
		};
/* End PBXResourcesBuildPhase section */

/* Begin PBXShellScriptBuildPhase section */
		D8BDBCB925F13CB40016626A /* SwiftLint */ = {
			isa = PBXShellScriptBuildPhase;
			buildActionMask = 2147483647;
			files = (
			);
			inputFileListPaths = (
			);
			inputPaths = (
			);
			name = SwiftLint;
			outputFileListPaths = (
			);
			outputPaths = (
			);
			runOnlyForDeploymentPostprocessing = 0;
			shellPath = /bin/sh;
			shellScript = "# Type a script or drag a script file from your workspace to insert its path.\nif which swiftlint >/dev/null; then\n  swiftlint\nelse\n  echo \"warning: SwiftLint not installed, download from https://github.com/realm/SwiftLint\"\nfi\n";
		};
		D8BDBCCD25F147B60016626A /* SwiftFormat */ = {
			isa = PBXShellScriptBuildPhase;
			buildActionMask = 2147483647;
			files = (
			);
			inputFileListPaths = (
			);
			inputPaths = (
			);
			name = SwiftFormat;
			outputFileListPaths = (
			);
			outputPaths = (
			);
			runOnlyForDeploymentPostprocessing = 0;
			shellPath = /bin/sh;
			shellScript = "# Type a script or drag a script file from your workspace to insert its path.\nif which swiftformat >/dev/null; then\n  swiftformat .\nelse\n  echo \"warning: SwiftFormat not installed, download from https://github.com/nicklockwood/SwiftFormat\"\nfi\n";
		};
/* End PBXShellScriptBuildPhase section */

/* Begin PBXSourcesBuildPhase section */
		D8582F4E264FE9F900E21A60 /* Sources */ = {
			isa = PBXSourcesBuildPhase;
			buildActionMask = 2147483647;
			files = (
				D8582F69264FEB9C00E21A60 /* MockNetworkService.swift in Sources */,
				D8582F55264FE9F900E21A60 /* MainModuleTests.swift in Sources */,
			);
			runOnlyForDeploymentPostprocessing = 0;
		};
		D866007325F0157B00F47658 /* Sources */ = {
			isa = PBXSourcesBuildPhase;
			buildActionMask = 2147483647;
			files = (
				D8BDBCB525F117380016626A /* Film.swift in Sources */,
				D8DB5073264C5CAE00D2B480 /* DetailTitleTableViewCell.swift in Sources */,
				D85AA1D32649CFCA00BB1666 /* NetworkService.swift in Sources */,
				D8DB5076264C5E0800D2B480 /* DetailPhotosScrollViewTableViewCell.swift in Sources */,
				D85A2B0F264AA1270086A530 /* MovieCategory.swift in Sources */,
				D85A2B0B264A6EC80086A530 /* MainCoordinator.swift in Sources */,
				D8DB503A264BACC200D2B480 /* AssemblyBuilder.swift in Sources */,
				D866B73C264D8069006F824B /* Film.xcdatamodeld in Sources */,
				D866007F25F0157B00F47658 /* MainViewController.swift in Sources */,
				D8DB5046264BC97A00D2B480 /* TableViewCellViewModel.swift in Sources */,
				D8596A9D264EF57300575F63 /* FilmResultDB+CoreDataProperties.swift in Sources */,
				D85BDD4625F0E1F1000047AF /* FilmTableViewCell.swift in Sources */,
				D8529B5825F231910084580E /* DetailViewController.swift in Sources */,
				D8DB506A264C3F3C00D2B480 /* CategoryCollevtionViewCell.swift in Sources */,
				D85A2B12264AA2330086A530 /* Poster.swift in Sources */,
				D8DB5055264C07CA00D2B480 /* CoreDataService.swift in Sources */,
				D8DB505B264C10CF00D2B480 /* AnchorExtension.swift in Sources */,
				D866007B25F0157B00F47658 /* AppDelegate.swift in Sources */,
				D8DB507F264C6F0300D2B480 /* DetailPhotoViewModel.swift in Sources */,
				D8596A9C264EF57300575F63 /* FilmResultDB+CoreDataClass.swift in Sources */,
				D866007D25F0157B00F47658 /* SceneDelegate.swift in Sources */,
				D8DB507C264C62AA00D2B480 /* DetailView.swift in Sources */,
				D8DB503F264BC55100D2B480 /* MainViewModelType.swift in Sources */,
				D8DB506D264C3F5700D2B480 /* CategoryView.swift in Sources */,
				D85A2B08264A6D810086A530 /* Coordinator.swift in Sources */,
				D8DB5079264C619F00D2B480 /* DetailInfoTableViewCell.swift in Sources */,
				D8DB5049264BCA3B00D2B480 /* PhotoService.swift in Sources */,
				D8DB5042264BC5D600D2B480 /* TableViewCellViewModelType.swift in Sources */,
				D8DB5082264C6F4300D2B480 /* DetailPhotoViewModelType.swift in Sources */,
				D85A2B16264AC8420086A530 /* MainViewModel.swift in Sources */,
			);
			runOnlyForDeploymentPostprocessing = 0;
		};
		D8D47D9D26513CDE006F4008 /* Sources */ = {
			isa = PBXSourcesBuildPhase;
			buildActionMask = 2147483647;
			files = (
				D8D47DA426513CDE006F4008 /* Movie_AppUITests.swift in Sources */,
			);
			runOnlyForDeploymentPostprocessing = 0;
		};
/* End PBXSourcesBuildPhase section */

/* Begin PBXTargetDependency section */
		D8582F58264FE9F900E21A60 /* PBXTargetDependency */ = {
			isa = PBXTargetDependency;
			target = D866007625F0157B00F47658 /* Movie App */;
			targetProxy = D8582F57264FE9F900E21A60 /* PBXContainerItemProxy */;
		};
		D8D47DA726513CDE006F4008 /* PBXTargetDependency */ = {
			isa = PBXTargetDependency;
			target = D866007625F0157B00F47658 /* Movie App */;
			targetProxy = D8D47DA626513CDE006F4008 /* PBXContainerItemProxy */;
		};
/* End PBXTargetDependency section */

/* Begin PBXVariantGroup section */
		D866008525F0158000F47658 /* LaunchScreen.storyboard */ = {
			isa = PBXVariantGroup;
			children = (
				D866008625F0158000F47658 /* Base */,
			);
			name = LaunchScreen.storyboard;
			sourceTree = "<group>";
		};
/* End PBXVariantGroup section */

/* Begin XCBuildConfiguration section */
		D8582F59264FE9F900E21A60 /* Debug */ = {
			isa = XCBuildConfiguration;
			buildSettings = {
				BUNDLE_LOADER = "$(TEST_HOST)";
				CODE_SIGN_STYLE = Automatic;
				DEVELOPMENT_TEAM = 7N96TB34B5;
				INFOPLIST_FILE = "Movie AppUnitTests/Info.plist";
				IPHONEOS_DEPLOYMENT_TARGET = 14.4;
				LD_RUNPATH_SEARCH_PATHS = (
					"$(inherited)",
					"@executable_path/Frameworks",
					"@loader_path/Frameworks",
				);
				PRODUCT_BUNDLE_IDENTIFIER = "com.protodimbo.Movie-AppUnitTests";
				PRODUCT_NAME = "$(TARGET_NAME)";
				SWIFT_VERSION = 5.0;
				TARGETED_DEVICE_FAMILY = "1,2";
				TEST_HOST = "$(BUILT_PRODUCTS_DIR)/Movie App.app/Movie App";
			};
			name = Debug;
		};
		D8582F5A264FE9F900E21A60 /* Release */ = {
			isa = XCBuildConfiguration;
			buildSettings = {
				BUNDLE_LOADER = "$(TEST_HOST)";
				CODE_SIGN_STYLE = Automatic;
				DEVELOPMENT_TEAM = 7N96TB34B5;
				INFOPLIST_FILE = "Movie AppUnitTests/Info.plist";
				IPHONEOS_DEPLOYMENT_TARGET = 14.4;
				LD_RUNPATH_SEARCH_PATHS = (
					"$(inherited)",
					"@executable_path/Frameworks",
					"@loader_path/Frameworks",
				);
				PRODUCT_BUNDLE_IDENTIFIER = "com.protodimbo.Movie-AppUnitTests";
				PRODUCT_NAME = "$(TARGET_NAME)";
				SWIFT_VERSION = 5.0;
				TARGETED_DEVICE_FAMILY = "1,2";
				TEST_HOST = "$(BUILT_PRODUCTS_DIR)/Movie App.app/Movie App";
			};
			name = Release;
		};
		D866008925F0158000F47658 /* Debug */ = {
			isa = XCBuildConfiguration;
			buildSettings = {
				ALWAYS_SEARCH_USER_PATHS = NO;
				CLANG_ANALYZER_NONNULL = YES;
				CLANG_ANALYZER_NUMBER_OBJECT_CONVERSION = YES_AGGRESSIVE;
				CLANG_CXX_LANGUAGE_STANDARD = "gnu++14";
				CLANG_CXX_LIBRARY = "libc++";
				CLANG_ENABLE_MODULES = YES;
				CLANG_ENABLE_OBJC_ARC = YES;
				CLANG_ENABLE_OBJC_WEAK = YES;
				CLANG_WARN_BLOCK_CAPTURE_AUTORELEASING = YES;
				CLANG_WARN_BOOL_CONVERSION = YES;
				CLANG_WARN_COMMA = YES;
				CLANG_WARN_CONSTANT_CONVERSION = YES;
				CLANG_WARN_DEPRECATED_OBJC_IMPLEMENTATIONS = YES;
				CLANG_WARN_DIRECT_OBJC_ISA_USAGE = YES_ERROR;
				CLANG_WARN_DOCUMENTATION_COMMENTS = YES;
				CLANG_WARN_EMPTY_BODY = YES;
				CLANG_WARN_ENUM_CONVERSION = YES;
				CLANG_WARN_INFINITE_RECURSION = YES;
				CLANG_WARN_INT_CONVERSION = YES;
				CLANG_WARN_NON_LITERAL_NULL_CONVERSION = YES;
				CLANG_WARN_OBJC_IMPLICIT_RETAIN_SELF = YES;
				CLANG_WARN_OBJC_LITERAL_CONVERSION = YES;
				CLANG_WARN_OBJC_ROOT_CLASS = YES_ERROR;
				CLANG_WARN_QUOTED_INCLUDE_IN_FRAMEWORK_HEADER = YES;
				CLANG_WARN_RANGE_LOOP_ANALYSIS = YES;
				CLANG_WARN_STRICT_PROTOTYPES = YES;
				CLANG_WARN_SUSPICIOUS_MOVE = YES;
				CLANG_WARN_UNGUARDED_AVAILABILITY = YES_AGGRESSIVE;
				CLANG_WARN_UNREACHABLE_CODE = YES;
				CLANG_WARN__DUPLICATE_METHOD_MATCH = YES;
				COPY_PHASE_STRIP = NO;
				DEBUG_INFORMATION_FORMAT = dwarf;
				ENABLE_STRICT_OBJC_MSGSEND = YES;
				ENABLE_TESTABILITY = YES;
				GCC_C_LANGUAGE_STANDARD = gnu11;
				GCC_DYNAMIC_NO_PIC = NO;
				GCC_NO_COMMON_BLOCKS = YES;
				GCC_OPTIMIZATION_LEVEL = 0;
				GCC_PREPROCESSOR_DEFINITIONS = (
					"DEBUG=1",
					"$(inherited)",
				);
				GCC_WARN_64_TO_32_BIT_CONVERSION = YES;
				GCC_WARN_ABOUT_RETURN_TYPE = YES_ERROR;
				GCC_WARN_UNDECLARED_SELECTOR = YES;
				GCC_WARN_UNINITIALIZED_AUTOS = YES_AGGRESSIVE;
				GCC_WARN_UNUSED_FUNCTION = YES;
				GCC_WARN_UNUSED_VARIABLE = YES;
				IPHONEOS_DEPLOYMENT_TARGET = 14.1;
				MTL_ENABLE_DEBUG_INFO = INCLUDE_SOURCE;
				MTL_FAST_MATH = YES;
				ONLY_ACTIVE_ARCH = YES;
				SDKROOT = iphoneos;
				SWIFT_ACTIVE_COMPILATION_CONDITIONS = DEBUG;
				SWIFT_OPTIMIZATION_LEVEL = "-Onone";
			};
			name = Debug;
		};
		D866008A25F0158000F47658 /* Release */ = {
			isa = XCBuildConfiguration;
			buildSettings = {
				ALWAYS_SEARCH_USER_PATHS = NO;
				CLANG_ANALYZER_NONNULL = YES;
				CLANG_ANALYZER_NUMBER_OBJECT_CONVERSION = YES_AGGRESSIVE;
				CLANG_CXX_LANGUAGE_STANDARD = "gnu++14";
				CLANG_CXX_LIBRARY = "libc++";
				CLANG_ENABLE_MODULES = YES;
				CLANG_ENABLE_OBJC_ARC = YES;
				CLANG_ENABLE_OBJC_WEAK = YES;
				CLANG_WARN_BLOCK_CAPTURE_AUTORELEASING = YES;
				CLANG_WARN_BOOL_CONVERSION = YES;
				CLANG_WARN_COMMA = YES;
				CLANG_WARN_CONSTANT_CONVERSION = YES;
				CLANG_WARN_DEPRECATED_OBJC_IMPLEMENTATIONS = YES;
				CLANG_WARN_DIRECT_OBJC_ISA_USAGE = YES_ERROR;
				CLANG_WARN_DOCUMENTATION_COMMENTS = YES;
				CLANG_WARN_EMPTY_BODY = YES;
				CLANG_WARN_ENUM_CONVERSION = YES;
				CLANG_WARN_INFINITE_RECURSION = YES;
				CLANG_WARN_INT_CONVERSION = YES;
				CLANG_WARN_NON_LITERAL_NULL_CONVERSION = YES;
				CLANG_WARN_OBJC_IMPLICIT_RETAIN_SELF = YES;
				CLANG_WARN_OBJC_LITERAL_CONVERSION = YES;
				CLANG_WARN_OBJC_ROOT_CLASS = YES_ERROR;
				CLANG_WARN_QUOTED_INCLUDE_IN_FRAMEWORK_HEADER = YES;
				CLANG_WARN_RANGE_LOOP_ANALYSIS = YES;
				CLANG_WARN_STRICT_PROTOTYPES = YES;
				CLANG_WARN_SUSPICIOUS_MOVE = YES;
				CLANG_WARN_UNGUARDED_AVAILABILITY = YES_AGGRESSIVE;
				CLANG_WARN_UNREACHABLE_CODE = YES;
				CLANG_WARN__DUPLICATE_METHOD_MATCH = YES;
				COPY_PHASE_STRIP = NO;
				DEBUG_INFORMATION_FORMAT = "dwarf-with-dsym";
				ENABLE_NS_ASSERTIONS = NO;
				ENABLE_STRICT_OBJC_MSGSEND = YES;
				GCC_C_LANGUAGE_STANDARD = gnu11;
				GCC_NO_COMMON_BLOCKS = YES;
				GCC_WARN_64_TO_32_BIT_CONVERSION = YES;
				GCC_WARN_ABOUT_RETURN_TYPE = YES_ERROR;
				GCC_WARN_UNDECLARED_SELECTOR = YES;
				GCC_WARN_UNINITIALIZED_AUTOS = YES_AGGRESSIVE;
				GCC_WARN_UNUSED_FUNCTION = YES;
				GCC_WARN_UNUSED_VARIABLE = YES;
				IPHONEOS_DEPLOYMENT_TARGET = 14.1;
				MTL_ENABLE_DEBUG_INFO = NO;
				MTL_FAST_MATH = YES;
				SDKROOT = iphoneos;
				SWIFT_COMPILATION_MODE = wholemodule;
				SWIFT_OPTIMIZATION_LEVEL = "-O";
				VALIDATE_PRODUCT = YES;
			};
			name = Release;
		};
		D866008C25F0158000F47658 /* Debug */ = {
			isa = XCBuildConfiguration;
			buildSettings = {
				ASSETCATALOG_COMPILER_APPICON_NAME = AppIcon;
				ASSETCATALOG_COMPILER_GLOBAL_ACCENT_COLOR_NAME = AccentColor;
				CODE_SIGN_STYLE = Automatic;
				DEVELOPMENT_TEAM = 7N96TB34B5;
				INFOPLIST_FILE = "Movie App/SupportingFiles/Info.plist";
				LD_RUNPATH_SEARCH_PATHS = (
					"$(inherited)",
					"@executable_path/Frameworks",
				);
				PRODUCT_BUNDLE_IDENTIFIER = "com.protodimbo.Movie-App";
				PRODUCT_NAME = "$(TARGET_NAME)";
				SWIFT_VERSION = 5.0;
				TARGETED_DEVICE_FAMILY = "1,2";
			};
			name = Debug;
		};
		D866008D25F0158000F47658 /* Release */ = {
			isa = XCBuildConfiguration;
			buildSettings = {
				ASSETCATALOG_COMPILER_APPICON_NAME = AppIcon;
				ASSETCATALOG_COMPILER_GLOBAL_ACCENT_COLOR_NAME = AccentColor;
				CODE_SIGN_STYLE = Automatic;
				DEVELOPMENT_TEAM = 7N96TB34B5;
				INFOPLIST_FILE = "Movie App/SupportingFiles/Info.plist";
				LD_RUNPATH_SEARCH_PATHS = (
					"$(inherited)",
					"@executable_path/Frameworks",
				);
				PRODUCT_BUNDLE_IDENTIFIER = "com.protodimbo.Movie-App";
				PRODUCT_NAME = "$(TARGET_NAME)";
				SWIFT_VERSION = 5.0;
				TARGETED_DEVICE_FAMILY = "1,2";
			};
			name = Release;
		};
		D8D47DA826513CDE006F4008 /* Debug */ = {
			isa = XCBuildConfiguration;
			buildSettings = {
				CODE_SIGN_STYLE = Automatic;
				DEVELOPMENT_TEAM = 7N96TB34B5;
				INFOPLIST_FILE = "Movie AppUITests/Info.plist";
				IPHONEOS_DEPLOYMENT_TARGET = 14.4;
				LD_RUNPATH_SEARCH_PATHS = (
					"$(inherited)",
					"@executable_path/Frameworks",
					"@loader_path/Frameworks",
				);
				PRODUCT_BUNDLE_IDENTIFIER = "com.protodimbo.Movie-AppUITests";
				PRODUCT_NAME = "$(TARGET_NAME)";
				SWIFT_VERSION = 5.0;
				TARGETED_DEVICE_FAMILY = "1,2";
				TEST_TARGET_NAME = "Movie App";
			};
			name = Debug;
		};
		D8D47DA926513CDE006F4008 /* Release */ = {
			isa = XCBuildConfiguration;
			buildSettings = {
				CODE_SIGN_STYLE = Automatic;
				DEVELOPMENT_TEAM = 7N96TB34B5;
				INFOPLIST_FILE = "Movie AppUITests/Info.plist";
				IPHONEOS_DEPLOYMENT_TARGET = 14.4;
				LD_RUNPATH_SEARCH_PATHS = (
					"$(inherited)",
					"@executable_path/Frameworks",
					"@loader_path/Frameworks",
				);
				PRODUCT_BUNDLE_IDENTIFIER = "com.protodimbo.Movie-AppUITests";
				PRODUCT_NAME = "$(TARGET_NAME)";
				SWIFT_VERSION = 5.0;
				TARGETED_DEVICE_FAMILY = "1,2";
				TEST_TARGET_NAME = "Movie App";
			};
			name = Release;
		};
/* End XCBuildConfiguration section */

/* Begin XCConfigurationList section */
		D8582F5B264FE9F900E21A60 /* Build configuration list for PBXNativeTarget "Movie AppUnitTests" */ = {
			isa = XCConfigurationList;
			buildConfigurations = (
				D8582F59264FE9F900E21A60 /* Debug */,
				D8582F5A264FE9F900E21A60 /* Release */,
			);
			defaultConfigurationIsVisible = 0;
			defaultConfigurationName = Release;
		};
		D866007225F0157B00F47658 /* Build configuration list for PBXProject "Movie App" */ = {
			isa = XCConfigurationList;
			buildConfigurations = (
				D866008925F0158000F47658 /* Debug */,
				D866008A25F0158000F47658 /* Release */,
			);
			defaultConfigurationIsVisible = 0;
			defaultConfigurationName = Release;
		};
		D866008B25F0158000F47658 /* Build configuration list for PBXNativeTarget "Movie App" */ = {
			isa = XCConfigurationList;
			buildConfigurations = (
				D866008C25F0158000F47658 /* Debug */,
				D866008D25F0158000F47658 /* Release */,
			);
			defaultConfigurationIsVisible = 0;
			defaultConfigurationName = Release;
		};
		D8D47DAA26513CDE006F4008 /* Build configuration list for PBXNativeTarget "Movie AppUITests" */ = {
			isa = XCConfigurationList;
			buildConfigurations = (
				D8D47DA826513CDE006F4008 /* Debug */,
				D8D47DA926513CDE006F4008 /* Release */,
			);
			defaultConfigurationIsVisible = 0;
			defaultConfigurationName = Release;
		};
/* End XCConfigurationList section */

/* Begin XCVersionGroup section */
		D866B73A264D8069006F824B /* Film.xcdatamodeld */ = {
			isa = XCVersionGroup;
			children = (
				D866B73B264D8069006F824B /* Film.xcdatamodel */,
			);
			currentVersion = D866B73B264D8069006F824B /* Film.xcdatamodel */;
			path = Film.xcdatamodeld;
			sourceTree = "<group>";
			versionGroupType = wrapper.xcdatamodel;
		};
/* End XCVersionGroup section */
	};
	rootObject = D866006F25F0157B00F47658 /* Project object */;
}
